
Microsoft Visual Studio Solution File, Format Version 12.00
# Visual Studio Version 17
VisualStudioVersion = 17.7.34018.315
MinimumVisualStudioVersion = 10.0.40219.1
Project("{FAE04EC0-301F-11D3-BF4B-00C04F79EFBC}") = "BaiLab1", "BaiLab1.csproj", "{B025EDD6-2AE1-4470-9965-30D675BB119C}"
EndProject
Project("{FAE04EC0-301F-11D3-BF4B-00C04F79EFBC}") = "Lab2", "..\Lab3\Lab2.csproj", "{5C25748F-C504-496F-87AB-2397E15B4095}"
EndProject
Project("{FAE04EC0-301F-11D3-BF4B-00C04F79EFBC}") = "LabBanVe", "..\LabBanVe\LabBanVe.csproj", "{FE4A82EE-A4E3-4FC1-8C56-CA528371FE32}"
EndProject
Global
	GlobalSection(SolutionConfigurationPlatforms) = preSolution
		Debug|Any CPU = Debug|Any CPU
		Release|Any CPU = Release|Any CPU
	EndGlobalSection
	GlobalSection(ProjectConfigurationPlatforms) = postSolution
		{B025EDD6-2AE1-4470-9965-30D675BB119C}.Debug|Any CPU.ActiveCfg = Debug|Any CPU
		{B025EDD6-2AE1-4470-9965-30D675BB119C}.Debug|Any CPU.Build.0 = Debug|Any CPU
		{B025EDD6-2AE1-4470-9965-30D675BB119C}.Release|Any CPU.ActiveCfg = Release|Any CPU
		{B025EDD6-2AE1-4470-9965-30D675BB119C}.Release|Any CPU.Build.0 = Release|Any CPU
		{5C25748F-C504-496F-87AB-2397E15B4095}.Debug|Any CPU.ActiveCfg = Debug|Any CPU
		{5C25748F-C504-496F-87AB-2397E15B4095}.Debug|Any CPU.Build.0 = Debug|Any CPU
		{5C25748F-C504-496F-87AB-2397E15B4095}.Release|Any CPU.ActiveCfg = Release|Any CPU
		{5C25748F-C504-496F-87AB-2397E15B4095}.Release|Any CPU.Build.0 = Release|Any CPU
		{FE4A82EE-A4E3-4FC1-8C56-CA528371FE32}.Debug|Any CPU.ActiveCfg = Debug|Any CPU
		{FE4A82EE-A4E3-4FC1-8C56-CA528371FE32}.Debug|Any CPU.Build.0 = Debug|Any CPU
		{FE4A82EE-A4E3-4FC1-8C56-CA528371FE32}.Release|Any CPU.ActiveCfg = Release|Any CPU
		{FE4A82EE-A4E3-4FC1-8C56-CA528371FE32}.Release|Any CPU.Build.0 = Release|Any CPU
	EndGlobalSection
	GlobalSection(SolutionProperties) = preSolution
		HideSolutionNode = FALSE
	EndGlobalSection
	GlobalSection(ExtensibilityGlobals) = postSolution
		SolutionGuid = {55AAB433-2D7F-4887-8A67-B1E75021EAEA}
	EndGlobalSection
EndGlobal
